
Microsoft Visual Studio Solution File, Format Version 12.00
# Visual Studio 14
VisualStudioVersion = 14.0.25420.1
MinimumVisualStudioVersion = 10.0.40219.1
Project("{F184B08F-C81C-45F6-A57F-5ABD9991F28F}") = "Core", "Core\Core.vbproj", "{35931D94-3979-4A0D-91D7-7AB19C99C934}"
EndProject
Project("{2150E333-8FDC-42A3-9474-1A3956D46DE8}") = "UI", "UI", "{FAC1B4EA-D41C-4314-9FD8-F61A1595F700}"
EndProject
Project("{F184B08F-C81C-45F6-A57F-5ABD9991F28F}") = "UI.ConsoleApp", "UI.ConsoleApp\UI.ConsoleApp.vbproj", "{1D9D9E05-B0C7-40F0-89EC-1145FE2499CF}"
EndProject
Project("{2150E333-8FDC-42A3-9474-1A3956D46DE8}") = "Infra", "Infra", "{9B991A6B-1049-4820-8F54-090F20FFD3FA}"
EndProject
Project("{F184B08F-C81C-45F6-A57F-5ABD9991F28F}") = "Infra.localData", "Infra.localData\Infra.localData.vbproj", "{78A953D1-A6FD-4CC9-B792-463AD7A69AAF}"
EndProject
Project("{F184B08F-C81C-45F6-A57F-5ABD9991F28F}") = "infra.sql", "infra.sql\infra.sql.vbproj", "{478FC529-3D1B-42B2-B2DD-5ABCC10DBDF7}"
EndProject
Project("{F184B08F-C81C-45F6-A57F-5ABD9991F28F}") = "UI.WindowApp", "UI.WindowApp\UI.WindowApp.vbproj", "{D18DA713-39FF-41CE-BBF4-132624E69F00}"
EndProject
Project("{2150E333-8FDC-42A3-9474-1A3956D46DE8}") = "Core", "Core", "{F3577484-5D66-4F1C-A3BA-0940EE03BC19}"
EndProject
Project("{F184B08F-C81C-45F6-A57F-5ABD9991F28F}") = "UI.WebApp", "UI.WebApp\UI.WebApp.vbproj", "{40E85D18-6E71-4218-AFD7-78F5C96633A1}"
EndProject
Global
	GlobalSection(SolutionConfigurationPlatforms) = preSolution
		Debug|Any CPU = Debug|Any CPU
		Release|Any CPU = Release|Any CPU
	EndGlobalSection
	GlobalSection(ProjectConfigurationPlatforms) = postSolution
		{35931D94-3979-4A0D-91D7-7AB19C99C934}.Debug|Any CPU.ActiveCfg = Debug|Any CPU
		{35931D94-3979-4A0D-91D7-7AB19C99C934}.Debug|Any CPU.Build.0 = Debug|Any CPU
		{35931D94-3979-4A0D-91D7-7AB19C99C934}.Release|Any CPU.ActiveCfg = Release|Any CPU
		{35931D94-3979-4A0D-91D7-7AB19C99C934}.Release|Any CPU.Build.0 = Release|Any CPU
		{1D9D9E05-B0C7-40F0-89EC-1145FE2499CF}.Debug|Any CPU.ActiveCfg = Debug|Any CPU
		{1D9D9E05-B0C7-40F0-89EC-1145FE2499CF}.Debug|Any CPU.Build.0 = Debug|Any CPU
		{1D9D9E05-B0C7-40F0-89EC-1145FE2499CF}.Release|Any CPU.ActiveCfg = Release|Any CPU
		{1D9D9E05-B0C7-40F0-89EC-1145FE2499CF}.Release|Any CPU.Build.0 = Release|Any CPU
		{78A953D1-A6FD-4CC9-B792-463AD7A69AAF}.Debug|Any CPU.ActiveCfg = Debug|Any CPU
		{78A953D1-A6FD-4CC9-B792-463AD7A69AAF}.Debug|Any CPU.Build.0 = Debug|Any CPU
		{78A953D1-A6FD-4CC9-B792-463AD7A69AAF}.Release|Any CPU.ActiveCfg = Release|Any CPU
		{78A953D1-A6FD-4CC9-B792-463AD7A69AAF}.Release|Any CPU.Build.0 = Release|Any CPU
		{478FC529-3D1B-42B2-B2DD-5ABCC10DBDF7}.Debug|Any CPU.ActiveCfg = Debug|Any CPU
		{478FC529-3D1B-42B2-B2DD-5ABCC10DBDF7}.Debug|Any CPU.Build.0 = Debug|Any CPU
		{478FC529-3D1B-42B2-B2DD-5ABCC10DBDF7}.Release|Any CPU.ActiveCfg = Release|Any CPU
		{478FC529-3D1B-42B2-B2DD-5ABCC10DBDF7}.Release|Any CPU.Build.0 = Release|Any CPU
		{D18DA713-39FF-41CE-BBF4-132624E69F00}.Debug|Any CPU.ActiveCfg = Debug|Any CPU
		{D18DA713-39FF-41CE-BBF4-132624E69F00}.Debug|Any CPU.Build.0 = Debug|Any CPU
		{D18DA713-39FF-41CE-BBF4-132624E69F00}.Release|Any CPU.ActiveCfg = Release|Any CPU
		{D18DA713-39FF-41CE-BBF4-132624E69F00}.Release|Any CPU.Build.0 = Release|Any CPU
		{40E85D18-6E71-4218-AFD7-78F5C96633A1}.Debug|Any CPU.ActiveCfg = Debug|Any CPU
		{40E85D18-6E71-4218-AFD7-78F5C96633A1}.Debug|Any CPU.Build.0 = Debug|Any CPU
		{40E85D18-6E71-4218-AFD7-78F5C96633A1}.Release|Any CPU.ActiveCfg = Release|Any CPU
		{40E85D18-6E71-4218-AFD7-78F5C96633A1}.Release|Any CPU.Build.0 = Release|Any CPU
	EndGlobalSection
	GlobalSection(SolutionProperties) = preSolution
		HideSolutionNode = FALSE
	EndGlobalSection
	GlobalSection(NestedProjects) = preSolution
		{35931D94-3979-4A0D-91D7-7AB19C99C934} = {F3577484-5D66-4F1C-A3BA-0940EE03BC19}
		{1D9D9E05-B0C7-40F0-89EC-1145FE2499CF} = {FAC1B4EA-D41C-4314-9FD8-F61A1595F700}
		{78A953D1-A6FD-4CC9-B792-463AD7A69AAF} = {9B991A6B-1049-4820-8F54-090F20FFD3FA}
		{478FC529-3D1B-42B2-B2DD-5ABCC10DBDF7} = {9B991A6B-1049-4820-8F54-090F20FFD3FA}
		{D18DA713-39FF-41CE-BBF4-132624E69F00} = {FAC1B4EA-D41C-4314-9FD8-F61A1595F700}
		{40E85D18-6E71-4218-AFD7-78F5C96633A1} = {FAC1B4EA-D41C-4314-9FD8-F61A1595F700}
	EndGlobalSection
EndGlobal
